
Microsoft Visual Studio Solution File, Format Version 12.00
# Visual Studio Version 17
VisualStudioVersion = 17.5.33627.172
MinimumVisualStudioVersion = 10.0.40219.1
Project("{FAE04EC0-301F-11D3-BF4B-00C04F79EFBC}") = "ATIVIDADE15", "ATIVIDADE15\ATIVIDADE15.csproj", "{80D9E7D8-63A5-4772-B35B-90162A85048A}"
EndProject
Global
	GlobalSection(SolutionConfigurationPlatforms) = preSolution
		Debug|Any CPU = Debug|Any CPU
		Release|Any CPU = Release|Any CPU
	EndGlobalSection
	GlobalSection(ProjectConfigurationPlatforms) = postSolution
		{80D9E7D8-63A5-4772-B35B-90162A85048A}.Debug|Any CPU.ActiveCfg = Debug|Any CPU
		{80D9E7D8-63A5-4772-B35B-90162A85048A}.Debug|Any CPU.Build.0 = Debug|Any CPU
		{80D9E7D8-63A5-4772-B35B-90162A85048A}.Release|Any CPU.ActiveCfg = Release|Any CPU
		{80D9E7D8-63A5-4772-B35B-90162A85048A}.Release|Any CPU.Build.0 = Release|Any CPU
	EndGlobalSection
	GlobalSection(SolutionProperties) = preSolution
		HideSolutionNode = FALSE
	EndGlobalSection
	GlobalSection(ExtensibilityGlobals) = postSolution
		SolutionGuid = {44DEA920-F4E2-4A8E-A24D-785A4551C1C3}
	EndGlobalSection
EndGlobal
