
Microsoft Visual Studio Solution File, Format Version 12.00
# Visual Studio Version 17
VisualStudioVersion = 17.5.33627.172
MinimumVisualStudioVersion = 10.0.40219.1
Project("{FAE04EC0-301F-11D3-BF4B-00C04F79EFBC}") = "ATIVIDADE  12", "ATIVIDADE  12\ATIVIDADE  12.csproj", "{3DE6B62A-E9FF-4CAC-B61F-4802D3DE14E0}"
EndProject
Global
	GlobalSection(SolutionConfigurationPlatforms) = preSolution
		Debug|Any CPU = Debug|Any CPU
		Release|Any CPU = Release|Any CPU
	EndGlobalSection
	GlobalSection(ProjectConfigurationPlatforms) = postSolution
		{3DE6B62A-E9FF-4CAC-B61F-4802D3DE14E0}.Debug|Any CPU.ActiveCfg = Debug|Any CPU
		{3DE6B62A-E9FF-4CAC-B61F-4802D3DE14E0}.Debug|Any CPU.Build.0 = Debug|Any CPU
		{3DE6B62A-E9FF-4CAC-B61F-4802D3DE14E0}.Release|Any CPU.ActiveCfg = Release|Any CPU
		{3DE6B62A-E9FF-4CAC-B61F-4802D3DE14E0}.Release|Any CPU.Build.0 = Release|Any CPU
	EndGlobalSection
	GlobalSection(SolutionProperties) = preSolution
		HideSolutionNode = FALSE
	EndGlobalSection
	GlobalSection(ExtensibilityGlobals) = postSolution
		SolutionGuid = {74A75AF6-155F-4975-BD73-8ED3A13BC79C}
	EndGlobalSection
EndGlobal
